
Microsoft Visual Studio Solution File, Format Version 12.00
# Visual Studio 15
VisualStudioVersion = 15.0.27130.2010
MinimumVisualStudioVersion = 10.0.40219.1
Project("{FAE04EC0-301F-11D3-BF4B-00C04F79EFBC}") = "ChallengePhunWithStrings2", "ChallengePhunWithStrings2\ChallengePhunWithStrings2.csproj", "{6FEBF923-2501-451B-B422-4F491A756F08}"
EndProject
Global
	GlobalSection(SolutionConfigurationPlatforms) = preSolution
		Debug|Any CPU = Debug|Any CPU
		Release|Any CPU = Release|Any CPU
	EndGlobalSection
	GlobalSection(ProjectConfigurationPlatforms) = postSolution
		{6FEBF923-2501-451B-B422-4F491A756F08}.Debug|Any CPU.ActiveCfg = Debug|Any CPU
		{6FEBF923-2501-451B-B422-4F491A756F08}.Debug|Any CPU.Build.0 = Debug|Any CPU
		{6FEBF923-2501-451B-B422-4F491A756F08}.Release|Any CPU.ActiveCfg = Release|Any CPU
		{6FEBF923-2501-451B-B422-4F491A756F08}.Release|Any CPU.Build.0 = Release|Any CPU
	EndGlobalSection
	GlobalSection(SolutionProperties) = preSolution
		HideSolutionNode = FALSE
	EndGlobalSection
	GlobalSection(ExtensibilityGlobals) = postSolution
		SolutionGuid = {478AF030-1161-43F0-9E6F-A6C463A15D03}
	EndGlobalSection
EndGlobal
